{
    "_readme": [
        "This file locks the dependencies of your project to a known state",
        "Read more about it at http://getcomposer.org/doc/01-basic-usage.md#composer-lock-the-lock-file",
        "This file is @generated automatically"
    ],
    "hash": "45e8a1f415d5b2ad483c03292a0b3f93",
    "packages": [
        {
            "name": "aws/aws-sdk-php",
            "version": "2.6.14",
            "source": {
                "type": "git",
                "url": "https://github.com/aws/aws-sdk-php.git",
                "reference": "6ce450fa314edb9209671a0cd1930de55bd43123"
            },
            "dist": {
                "type": "zip",
                "url": "https://api.github.com/repos/aws/aws-sdk-php/zipball/6ce450fa314edb9209671a0cd1930de55bd43123",
                "reference": "6ce450fa314edb9209671a0cd1930de55bd43123",
                "shasum": ""
            },
            "require": {
                "guzzle/guzzle": ">=3.7.0,<=3.9.9",
                "php": ">=5.3.3"
            },
            "require-dev": {
                "doctrine/cache": "~1.0",
                "ext-openssl": "*",
                "monolog/monolog": "1.4.*",
                "phpunit/phpunit": "4.*",
                "symfony/class-loader": "2.*",
                "symfony/yaml": "2.*"
            },
            "suggest": {
                "doctrine/cache": "Adds support for caching of credentials and responses",
                "ext-apc": "Allows service description opcode caching, request and response caching, and credentials caching",
                "ext-openssl": "Allows working with CloudFront private distributions and verifying received SNS messages",
                "monolog/monolog": "Adds support for logging HTTP requests and responses",
                "symfony/yaml": "Eases the ability to write manifests for creating jobs in AWS Import/Export"
            },
            "type": "library",
            "extra": {
                "branch-alias": {
                    "dev-master": "2.6.x-dev"
                }
            },
            "autoload": {
                "psr-0": {
                    "Aws": "src/"
                }
            },
            "notification-url": "https://packagist.org/downloads/",
            "license": [
                "Apache-2.0"
            ],
            "authors": [
                {
                    "name": "Amazon Web Services",
                    "homepage": "http://aws.amazon.com"
                }
            ],
            "description": "AWS SDK for PHP - Use Amazon Web Services in your PHP project",
            "homepage": "http://aws.amazon.com/sdkforphp",
            "keywords": [
                "amazon",
                "aws",
                "cloud",
                "dynamodb",
                "ec2",
                "glacier",
                "s3",
                "sdk"
            ],
            "time": "2014-08-11 22:46:49"
        },
        {
            "name": "florianwolters/component-core-stringutils",
            "version": "v0.3.1",
            "source": {
                "type": "git",
                "url": "https://github.com/FlorianWolters/PHP-Component-Core-StringUtils.git",
                "reference": "51978fa9a4d30104192036f0b1f11fc1c3bc4667"
            },
            "dist": {
                "type": "zip",
                "url": "https://api.github.com/repos/FlorianWolters/PHP-Component-Core-StringUtils/zipball/51978fa9a4d30104192036f0b1f11fc1c3bc4667",
                "reference": "51978fa9a4d30104192036f0b1f11fc1c3bc4667",
                "shasum": ""
            },
            "require": {
                "php": ">=5.3"
            },
            "type": "library",
            "autoload": {
                "psr-0": {
                    "FlorianWolters": "src/php"
                }
            },
            "notification-url": "https://packagist.org/downloads/",
            "license": [
                "LGPL-3.0+"
            ],
            "authors": [
                {
                    "name": "Florian Wolters",
                    "email": "wolters.fl@gmail.com",
                    "homepage": "http://blog.florianwolters.de",
                    "role": "Developer"
                }
            ],
            "description": "Offers operations on the data type string as a PHP component.",
            "homepage": "http://github.com/FlorianWolters/PHP-Component-Core-StringUtils",
            "keywords": [
                "helper",
                "language",
                "string",
                "wrapper"
            ],
            "time": "2013-07-01 10:24:07"
        },
        {
            "name": "florianwolters/component-util-reflection",
            "version": "v0.2.0",
            "source": {
                "type": "git",
                "url": "https://github.com/FlorianWolters/PHP-Component-Util-Reflection.git",
                "reference": "ffc94b62e2834d7d0306374d952eda7a5abd1844"
            },
            "dist": {
                "type": "zip",
                "url": "https://api.github.com/repos/FlorianWolters/PHP-Component-Util-Reflection/zipball/ffc94b62e2834d7d0306374d952eda7a5abd1844",
                "reference": "ffc94b62e2834d7d0306374d952eda7a5abd1844",
                "shasum": ""
            },
            "require": {
                "florianwolters/component-core-stringutils": ">=0.2-beta",
                "php": ">=5.4"
            },
            "type": "library",
            "autoload": {
                "psr-0": {
                    "FlorianWolters": "src/php"
                }
            },
            "notification-url": "https://packagist.org/downloads/",
            "license": [
                "LGPL-3.0+"
            ],
            "authors": [
                {
                    "name": "Florian Wolters",
                    "email": "wolters.fl@gmail.com",
                    "homepage": "http://blog.florianwolters.de",
                    "role": "Developer"
                }
            ],
            "description": "Provides operations for the PHP Reflection API as a PHP component.",
            "homepage": "http://github.com/FlorianWolters/PHP-Component-Util-Reflection",
            "keywords": [
                "reflection",
                "utility"
            ],
            "time": "2013-03-19 16:42:41"
        },
        {
            "name": "florianwolters/component-util-singleton",
            "version": "v0.3.2",
            "source": {
                "type": "git",
                "url": "https://github.com/FlorianWolters/PHP-Component-Util-Singleton.git",
                "reference": "ab39ba531a38c3b76b4babb0035ce840cde7f443"
            },
            "dist": {
                "type": "zip",
                "url": "https://api.github.com/repos/FlorianWolters/PHP-Component-Util-Singleton/zipball/ab39ba531a38c3b76b4babb0035ce840cde7f443",
                "reference": "ab39ba531a38c3b76b4babb0035ce840cde7f443",
                "shasum": ""
            },
            "require": {
                "florianwolters/component-core-stringutils": "0.3.*",
                "florianwolters/component-util-reflection": "0.2.*",
                "php": ">=5.4"
            },
            "type": "library",
            "autoload": {
                "psr-0": {
                    "FlorianWolters": [
                        "src/php",
                        "src/tests/unit-tests/php",
                        "src/tests/mocks/php"
                    ]
                }
            },
            "notification-url": "https://packagist.org/downloads/",
            "license": [
                "LGPL-3.0+"
            ],
            "authors": [
                {
                    "name": "Florian Wolters",
                    "email": "wolters.fl@gmail.com",
                    "homepage": "http://blog.florianwolters.de",
                    "role": "Developer"
                }
            ],
            "description": "The Singleton (and Registry of Singletons a.k.a. Multiton) design pattern as a PHP component.",
            "homepage": "http://github.com/FlorianWolters/PHP-Component-Util-Singleton",
            "keywords": [
                "creation",
                "pattern",
                "singleton",
                "utility"
            ],
            "time": "2013-06-29 12:35:22"
        },
        {
            "name": "guzzle/guzzle",
            "version": "v3.8.1",
            "source": {
                "type": "git",
                "url": "https://github.com/guzzle/guzzle.git",
                "reference": "4de0618a01b34aa1c8c33a3f13f396dcd3882eba"
            },
            "dist": {
                "type": "zip",
                "url": "https://api.github.com/repos/guzzle/guzzle/zipball/4de0618a01b34aa1c8c33a3f13f396dcd3882eba",
                "reference": "4de0618a01b34aa1c8c33a3f13f396dcd3882eba",
                "shasum": ""
            },
            "require": {
                "ext-curl": "*",
                "php": ">=5.3.3",
                "symfony/event-dispatcher": ">=2.1"
            },
            "replace": {
                "guzzle/batch": "self.version",
                "guzzle/cache": "self.version",
                "guzzle/common": "self.version",
                "guzzle/http": "self.version",
                "guzzle/inflection": "self.version",
                "guzzle/iterator": "self.version",
                "guzzle/log": "self.version",
                "guzzle/parser": "self.version",
                "guzzle/plugin": "self.version",
                "guzzle/plugin-async": "self.version",
                "guzzle/plugin-backoff": "self.version",
                "guzzle/plugin-cache": "self.version",
                "guzzle/plugin-cookie": "self.version",
                "guzzle/plugin-curlauth": "self.version",
                "guzzle/plugin-error-response": "self.version",
                "guzzle/plugin-history": "self.version",
                "guzzle/plugin-log": "self.version",
                "guzzle/plugin-md5": "self.version",
                "guzzle/plugin-mock": "self.version",
                "guzzle/plugin-oauth": "self.version",
                "guzzle/service": "self.version",
                "guzzle/stream": "self.version"
            },
            "require-dev": {
                "doctrine/cache": "*",
                "monolog/monolog": "1.*",
                "phpunit/phpunit": "3.7.*",
                "psr/log": "1.0.*",
                "symfony/class-loader": "*",
                "zendframework/zend-cache": "<2.3",
                "zendframework/zend-log": "<2.3"
            },
            "type": "library",
            "extra": {
                "branch-alias": {
                    "dev-master": "3.8-dev"
                }
            },
            "autoload": {
                "psr-0": {
                    "Guzzle": "src/",
                    "Guzzle\\Tests": "tests/"
                }
            },
            "notification-url": "https://packagist.org/downloads/",
            "license": [
                "MIT"
            ],
            "authors": [
                {
                    "name": "Michael Dowling",
                    "email": "mtdowling@gmail.com",
                    "homepage": "https://github.com/mtdowling"
                },
                {
                    "name": "Guzzle Community",
                    "homepage": "https://github.com/guzzle/guzzle/contributors"
                }
            ],
            "description": "Guzzle is a PHP HTTP client library and framework for building RESTful web service clients",
            "homepage": "http://guzzlephp.org/",
            "keywords": [
                "client",
                "curl",
                "framework",
                "http",
                "http client",
                "rest",
                "web service"
            ],
            "time": "2014-01-28 22:29:15"
        },
        {
            "name": "guzzlehttp/guzzle",
            "version": "4.1.3",
            "source": {
                "type": "git",
                "url": "https://github.com/guzzle/guzzle.git",
                "reference": "012b2aecbda4e38f119c19580898685851015fa7"
            },
            "dist": {
                "type": "zip",
                "url": "https://api.github.com/repos/guzzle/guzzle/zipball/012b2aecbda4e38f119c19580898685851015fa7",
                "reference": "012b2aecbda4e38f119c19580898685851015fa7",
                "shasum": ""
            },
            "require": {
                "ext-json": "*",
                "guzzlehttp/streams": "~1.3",
                "php": ">=5.4.0"
            },
            "require-dev": {
                "ext-curl": "*",
                "phpunit/phpunit": "~4.0",
                "psr/log": "~1.0"
            },
            "suggest": {
                "ext-curl": "Guzzle will use specific adapters if cURL is present"
            },
            "type": "library",
            "extra": {
                "branch-alias": {
                    "dev-master": "4.1.x-dev"
                }
            },
            "autoload": {
                "psr-4": {
                    "GuzzleHttp\\": "src/"
                },
                "files": [
                    "src/functions.php"
                ]
            },
            "notification-url": "https://packagist.org/downloads/",
            "license": [
                "MIT"
            ],
            "authors": [
                {
                    "name": "Michael Dowling",
                    "email": "mtdowling@gmail.com",
                    "homepage": "https://github.com/mtdowling"
                }
            ],
            "description": "Guzzle is a PHP HTTP client library and framework for building RESTful web service clients",
            "homepage": "http://guzzlephp.org/",
            "keywords": [
                "client",
                "curl",
                "framework",
                "http",
                "http client",
                "rest",
                "web service"
            ],
            "time": "2014-07-16 03:01:02"
        },
        {
            "name": "guzzlehttp/streams",
            "version": "1.3.0",
            "source": {
                "type": "git",
                "url": "https://github.com/guzzle/streams.git",
                "reference": "d6aaa91cfdbae86355dd2a168a3ca536755898a2"
            },
            "dist": {
                "type": "zip",
                "url": "https://api.github.com/repos/guzzle/streams/zipball/d6aaa91cfdbae86355dd2a168a3ca536755898a2",
                "reference": "d6aaa91cfdbae86355dd2a168a3ca536755898a2",
                "shasum": ""
            },
            "require": {
                "php": ">=5.4.0"
            },
            "require-dev": {
                "phpunit/phpunit": "~4.0"
            },
            "type": "library",
            "extra": {
                "branch-alias": {
                    "dev-master": "1.2.x-dev"
                }
            },
            "autoload": {
                "psr-4": {
                    "GuzzleHttp\\Stream\\": "src/"
                },
                "files": [
                    "src/functions.php"
                ]
            },
            "notification-url": "https://packagist.org/downloads/",
            "license": [
                "MIT"
            ],
            "authors": [
                {
                    "name": "Michael Dowling",
                    "email": "mtdowling@gmail.com",
                    "homepage": "https://github.com/mtdowling"
                }
            ],
            "description": "Provides a simple abstraction over streams of data (Guzzle 4+)",
            "homepage": "http://guzzlephp.org/",
            "keywords": [
                "Guzzle",
                "stream"
            ],
            "time": "2014-07-15 22:02:02"
        },
        {
            "name": "linkorb/etcd-php",
            "version": "dev-master",
            "source": {
                "type": "git",
                "url": "https://github.com/sammarks/etcd-php.git",
                "reference": "13ddcf971fbc739c65810efdce5ac3aae97f774f"
            },
            "dist": {
                "type": "zip",
                "url": "https://api.github.com/repos/sammarks/etcd-php/zipball/13ddcf971fbc739c65810efdce5ac3aae97f774f",
                "reference": "13ddcf971fbc739c65810efdce5ac3aae97f774f",
                "shasum": ""
            },
            "require": {
                "guzzle/guzzle": "~3.8.1",
                "php": ">=5.3.0",
                "symfony/console": "~2.4"
            },
            "require-dev": {
                "phpunit/phpunit": "3.7.*"
            },
            "bin": [
                "bin/etcd-php"
            ],
            "type": "library",
            "autoload": {
                "psr-0": {
                    "LinkORB\\": "src/"
                }
            },
            "license": [
                "MIT"
            ],
            "authors": [
                {
                    "name": "Joost Faassen",
                    "email": "j.faassen@linkorb.com",
                    "role": "Development"
                }
            ],
            "description": "Etcd client library for PHP",
            "homepage": "http://www.github.com/linkorb/etcd-php",
            "keywords": [
                "api",
                "configuration",
                "distributed",
                "etcd",
                "php"
            ],
            "support": {
                "source": "https://github.com/sammarks/etcd-php/tree/master"
            },
            "time": "2014-07-03 18:39:38"
        },
        {
            "name": "stage1/docker-php",
            "version": "dev-image-api",
            "source": {
                "type": "git",
                "url": "https://github.com/sammarks/docker-php.git",
                "reference": "b39ca0ba3de4b6bcc40a553c6bb73db99fef1453"
            },
            "dist": {
                "type": "zip",
                "url": "https://api.github.com/repos/sammarks/docker-php/zipball/b39ca0ba3de4b6bcc40a553c6bb73db99fef1453",
                "reference": "b39ca0ba3de4b6bcc40a553c6bb73db99fef1453",
                "shasum": ""
            },
            "require": {
                "guzzlehttp/guzzle": "~4.0",
                "guzzlehttp/streams": "~1.3.0",
                "php": ">=5.4",
                "symfony/filesystem": "~2.3",
                "symfony/process": "~2.3"
            },
            "require-dev": {
                "phpunit/phpunit": "~3.7"
            },
            "type": "library",
            "autoload": {
                "psr-0": {
                    "": "src/"
                }
            },
            "license": [
                "MIT"
            ],
            "description": "A Docker PHP client",
            "support": {
                "source": "https://github.com/sammarks/docker-php/tree/image-api"
            },
            "time": "2014-08-12 13:53:52"
        },
        {
            "name": "symfony/console",
            "version": "v2.5.3",
            "target-dir": "Symfony/Component/Console",
            "source": {
                "type": "git",
                "url": "https://github.com/symfony/Console.git",
                "reference": "cd2d1e4bac2206b337326b0140ff475fe9ad5f63"
            },
            "dist": {
                "type": "zip",
                "url": "https://api.github.com/repos/symfony/Console/zipball/cd2d1e4bac2206b337326b0140ff475fe9ad5f63",
                "reference": "cd2d1e4bac2206b337326b0140ff475fe9ad5f63",
                "shasum": ""
            },
            "require": {
                "php": ">=5.3.3"
            },
            "require-dev": {
                "psr/log": "~1.0",
                "symfony/event-dispatcher": "~2.1"
            },
            "suggest": {
                "psr/log": "For using the console logger",
                "symfony/event-dispatcher": ""
            },
            "type": "library",
            "extra": {
                "branch-alias": {
                    "dev-master": "2.5-dev"
                }
            },
            "autoload": {
                "psr-0": {
                    "Symfony\\Component\\Console\\": ""
                }
            },
            "notification-url": "https://packagist.org/downloads/",
            "license": [
                "MIT"
            ],
            "authors": [
                {
                    "name": "Symfony Community",
                    "homepage": "http://symfony.com/contributors"
                },
                {
                    "name": "Fabien Potencier",
                    "email": "fabien@symfony.com"
                }
            ],
            "description": "Symfony Console Component",
            "homepage": "http://symfony.com",
            "time": "2014-08-05 09:00:40"
        },
        {
            "name": "symfony/event-dispatcher",
            "version": "v2.5.3",
            "target-dir": "Symfony/Component/EventDispatcher",
            "source": {
                "type": "git",
                "url": "https://github.com/symfony/EventDispatcher.git",
                "reference": "8faf5cc7e80fde74a650a36e60d32ce3c3e0457b"
            },
            "dist": {
                "type": "zip",
                "url": "https://api.github.com/repos/symfony/EventDispatcher/zipball/8faf5cc7e80fde74a650a36e60d32ce3c3e0457b",
                "reference": "8faf5cc7e80fde74a650a36e60d32ce3c3e0457b",
                "shasum": ""
            },
            "require": {
                "php": ">=5.3.3"
            },
            "require-dev": {
                "psr/log": "~1.0",
                "symfony/config": "~2.0",
                "symfony/dependency-injection": "~2.0",
                "symfony/stopwatch": "~2.2"
            },
            "suggest": {
                "symfony/dependency-injection": "",
                "symfony/http-kernel": ""
            },
            "type": "library",
            "extra": {
                "branch-alias": {
                    "dev-master": "2.5-dev"
                }
            },
            "autoload": {
                "psr-0": {
                    "Symfony\\Component\\EventDispatcher\\": ""
                }
            },
            "notification-url": "https://packagist.org/downloads/",
            "license": [
                "MIT"
            ],
            "authors": [
                {
                    "name": "Symfony Community",
                    "homepage": "http://symfony.com/contributors"
                },
                {
                    "name": "Fabien Potencier",
                    "email": "fabien@symfony.com"
                }
            ],
            "description": "Symfony EventDispatcher Component",
            "homepage": "http://symfony.com",
            "time": "2014-07-28 13:20:46"
        },
        {
            "name": "symfony/filesystem",
            "version": "v2.5.3",
            "target-dir": "Symfony/Component/Filesystem",
            "source": {
                "type": "git",
                "url": "https://github.com/symfony/Filesystem.git",
                "reference": "c1309b0ee195ad264a4314435bdaecdfacb8ae9c"
            },
            "dist": {
                "type": "zip",
                "url": "https://api.github.com/repos/symfony/Filesystem/zipball/c1309b0ee195ad264a4314435bdaecdfacb8ae9c",
                "reference": "c1309b0ee195ad264a4314435bdaecdfacb8ae9c",
                "shasum": ""
            },
            "require": {
                "php": ">=5.3.3"
            },
            "type": "library",
            "extra": {
                "branch-alias": {
                    "dev-master": "2.5-dev"
                }
            },
            "autoload": {
                "psr-0": {
                    "Symfony\\Component\\Filesystem\\": ""
                }
            },
            "notification-url": "https://packagist.org/downloads/",
            "license": [
                "MIT"
            ],
            "authors": [
                {
                    "name": "Symfony Community",
                    "homepage": "http://symfony.com/contributors"
                },
                {
                    "name": "Fabien Potencier",
                    "email": "fabien@symfony.com"
                }
            ],
            "description": "Symfony Filesystem Component",
            "homepage": "http://symfony.com",
            "time": "2014-07-09 09:05:48"
        },
        {
            "name": "symfony/process",
            "version": "v2.5.3",
            "target-dir": "Symfony/Component/Process",
            "source": {
                "type": "git",
                "url": "https://github.com/symfony/Process.git",
                "reference": "e0997d2a9a1a763484b34b989900b61322a9b056"
            },
            "dist": {
                "type": "zip",
                "url": "https://api.github.com/repos/symfony/Process/zipball/e0997d2a9a1a763484b34b989900b61322a9b056",
                "reference": "e0997d2a9a1a763484b34b989900b61322a9b056",
                "shasum": ""
            },
            "require": {
                "php": ">=5.3.3"
            },
            "type": "library",
            "extra": {
                "branch-alias": {
                    "dev-master": "2.5-dev"
                }
            },
            "autoload": {
                "psr-0": {
                    "Symfony\\Component\\Process\\": ""
                }
            },
            "notification-url": "https://packagist.org/downloads/",
            "license": [
                "MIT"
            ],
            "authors": [
                {
                    "name": "Symfony Community",
                    "homepage": "http://symfony.com/contributors"
                },
                {
                    "name": "Fabien Potencier",
                    "email": "fabien@symfony.com"
                }
            ],
            "description": "Symfony Process Component",
            "homepage": "http://symfony.com",
            "time": "2014-08-05 09:00:40"
        },
        {
            "name": "symfony/yaml",
            "version": "v2.5.3",
            "target-dir": "Symfony/Component/Yaml",
            "source": {
                "type": "git",
                "url": "https://github.com/symfony/Yaml.git",
                "reference": "5a75366ae9ca8b4792cd0083e4ca4dff9fe96f1f"
            },
            "dist": {
                "type": "zip",
                "url": "https://api.github.com/repos/symfony/Yaml/zipball/5a75366ae9ca8b4792cd0083e4ca4dff9fe96f1f",
                "reference": "5a75366ae9ca8b4792cd0083e4ca4dff9fe96f1f",
                "shasum": ""
            },
            "require": {
                "php": ">=5.3.3"
            },
            "type": "library",
            "extra": {
                "branch-alias": {
                    "dev-master": "2.5-dev"
                }
            },
            "autoload": {
                "psr-0": {
                    "Symfony\\Component\\Yaml\\": ""
                }
            },
            "notification-url": "https://packagist.org/downloads/",
            "license": [
                "MIT"
            ],
            "authors": [
                {
                    "name": "Symfony Community",
                    "homepage": "http://symfony.com/contributors"
                },
                {
                    "name": "Fabien Potencier",
                    "email": "fabien@symfony.com"
                }
            ],
            "description": "Symfony Yaml Component",
            "homepage": "http://symfony.com",
            "time": "2014-08-05 09:00:40"
        }
    ],
    "packages-dev": [],
    "aliases": [],
    "minimum-stability": "stable",
    "stability-flags": {
        "linkorb/etcd-php": 20,
        "stage1/docker-php": 20
    },
    "platform": [],
    "platform-dev": []
}
